<?xml version="1.0" encoding="utf-8"?>
<Project ToolsVersion="4.0" xmlns="http://schemas.microsoft.com/developer/msbuild/2003">
  <ItemGroup>
    <Filter Include="Source Files">
      <UniqueIdentifier>{95c66a3d-fee1-4299-bc6a-6a69930a26a7}</UniqueIdentifier>
      <Extensions>cpp;c;cxx;rc;def;r;odl;idl;hpj;bat</Extensions>
    </Filter>
    <Filter Include="Header Files">
      <UniqueIdentifier>{ebba7e0a-6d4f-408b-82d5-548496c5ea30}</UniqueIdentifier>
      <Extensions>h;hpp;hxx;hm;inl</Extensions>
    </Filter>
    <Filter Include="Resource Files">
      <UniqueIdentifier>{3236d488-6e71-43c9-b7dc-607a444452cc}</UniqueIdentifier>
      <Extensions>ico;cur;bmp;dlg;rc2;rct;bin;rgs;gif;jpg;jpeg;jpe</Extensions>
    </Filter>
    <Filter Include="From_BBOnline">
      <UniqueIdentifier>{d8eab667-b222-41fa-83d8-6a12b302afae}</UniqueIdentifier>
    </Filter>
    <Filter Include="From_BBOnline\Network">
      <UniqueIdentifier>{38d50510-935f-48f3-a113-f96ef912e7da}</UniqueIdentifier>
    </Filter>
    <Filter Include="From_BBOnline\Helper">
      <UniqueIdentifier>{bfc6fd4a-3e93-4930-a526-ef3e5cb0e37b}</UniqueIdentifier>
    </Filter>
    <Filter Include="From_BBOnline\Puma">
      <UniqueIdentifier>{56c98e4e-5a6a-4f4f-b69c-5d2cafedb7fc}</UniqueIdentifier>
    </Filter>
  </ItemGroup>
  <ItemGroup>
    <ClCompile Include="NameRipper.cpp">
      <Filter>Source Files</Filter>
    </ClCompile>
    <ClCompile Include="..\src\3DInfoRecord.cpp">
      <Filter>From_BBOnline</Filter>
    </ClCompile>
    <ClCompile Include="..\src\ArmyDead.cpp">
      <Filter>From_BBOnline</Filter>
    </ClCompile>
    <ClCompile Include="..\src\ArmyDragonArchMage.cpp">
      <Filter>From_BBOnline</Filter>
    </ClCompile>
    <ClCompile Include="..\src\ArmyDragonChaplain.cpp">
      <Filter>From_BBOnline</Filter>
    </ClCompile>
    <ClCompile Include="..\src\ArmyDragonOverlord.cpp">
      <Filter>From_BBOnline</Filter>
    </ClCompile>
    <ClCompile Include="..\src\ArmyDragons.cpp">
      <Filter>From_BBOnline</Filter>
    </ClCompile>
    <ClCompile Include="..\src\ArmyDuskWurm.cpp">
      <Filter>From_BBOnline</Filter>
    </ClCompile>
    <ClCompile Include="..\src\ArmyHalloween.cpp">
      <Filter>From_BBOnline</Filter>
    </ClCompile>
    <ClCompile Include="..\src\ArmySpiders.cpp">
      <Filter>From_BBOnline</Filter>
    </ClCompile>
    <ClCompile Include="..\src\avatarTexture.cpp">
      <Filter>From_BBOnline</Filter>
    </ClCompile>
    <ClCompile Include="..\src\backSound.cpp">
      <Filter>From_BBOnline</Filter>
    </ClCompile>
    <ClCompile Include="..\src\BBO-Sarmy.cpp">
      <Filter>From_BBOnline</Filter>
    </ClCompile>
    <ClCompile Include="..\src\BBO-SAutoQuest.cpp">
      <Filter>From_BBOnline</Filter>
    </ClCompile>
    <ClCompile Include="..\src\BBO-Savatar.cpp">
      <Filter>From_BBOnline</Filter>
    </ClCompile>
    <ClCompile Include="..\src\BBO-Sbomb.cpp">
      <Filter>From_BBOnline</Filter>
    </ClCompile>
    <ClCompile Include="..\src\BBO-SChainQuest.cpp">
      <Filter>From_BBOnline</Filter>
    </ClCompile>
    <ClCompile Include="..\src\BBO-Schest.cpp">
      <Filter>From_BBOnline</Filter>
    </ClCompile>
    <ClCompile Include="..\src\BBO-Sgen-dragons.cpp">
      <Filter>From_BBOnline</Filter>
    </ClCompile>
    <ClCompile Include="..\src\BBO-Sgen-nearvamps.cpp">
      <Filter>From_BBOnline</Filter>
    </ClCompile>
    <ClCompile Include="..\src\BBO-Sgen-orcclan.cpp">
      <Filter>From_BBOnline</Filter>
    </ClCompile>
    <ClCompile Include="..\src\BBO-Sgen-spirits.cpp">
      <Filter>From_BBOnline</Filter>
    </ClCompile>
    <ClCompile Include="..\src\BBO-Sgen-vamps.cpp">
      <Filter>From_BBOnline</Filter>
    </ClCompile>
    <ClCompile Include="..\src\BBO-Sgenerator.cpp">
      <Filter>From_BBOnline</Filter>
    </ClCompile>
    <ClCompile Include="..\src\BBO-SgroundEffect.cpp">
      <Filter>From_BBOnline</Filter>
    </ClCompile>
    <ClCompile Include="..\src\BBO-SInvadeQuest.cpp">
      <Filter>From_BBOnline</Filter>
    </ClCompile>
    <ClCompile Include="..\src\BBO-Smob.cpp">
      <Filter>From_BBOnline</Filter>
    </ClCompile>
    <ClCompile Include="..\src\BBO-Smonster.cpp">
      <Filter>From_BBOnline</Filter>
    </ClCompile>
    <ClCompile Include="..\src\BBO-SNewbGenerator.cpp">
      <Filter>From_BBOnline</Filter>
    </ClCompile>
    <ClCompile Include="..\src\BBO-Snpc.cpp">
      <Filter>From_BBOnline</Filter>
    </ClCompile>
    <ClCompile Include="..\src\BBO-Stower.cpp">
      <Filter>From_BBOnline</Filter>
    </ClCompile>
    <ClCompile Include="..\src\BBO-Stree.cpp">
      <Filter>From_BBOnline</Filter>
    </ClCompile>
    <ClCompile Include="..\src\BBO-SwarpPoint.cpp">
      <Filter>From_BBOnline</Filter>
    </ClCompile>
    <ClCompile Include="..\src\BBO.cpp">
      <Filter>From_BBOnline</Filter>
    </ClCompile>
    <ClCompile Include="..\src\BBOclient.cpp">
      <Filter>From_BBOnline</Filter>
    </ClCompile>
    <ClCompile Include="..\src\BBOmob.cpp">
      <Filter>From_BBOnline</Filter>
    </ClCompile>
    <ClCompile Include="..\src\BBOpet.cpp">
      <Filter>From_BBOnline</Filter>
    </ClCompile>
    <ClCompile Include="..\src\BBOserver.cpp">
      <Filter>From_BBOnline</Filter>
    </ClCompile>
    <ClCompile Include="..\src\BBOShadows.cpp">
      <Filter>From_BBOnline</Filter>
    </ClCompile>
    <ClCompile Include="..\src\BBOSquare.cpp">
      <Filter>From_BBOnline</Filter>
    </ClCompile>
    <ClCompile Include="..\src\BBOstatic.cpp">
      <Filter>From_BBOnline</Filter>
    </ClCompile>
    <ClCompile Include="..\src\creditsMode.cpp">
      <Filter>From_BBOnline</Filter>
    </ClCompile>
    <ClCompile Include="..\src\DesignCharMode.cpp">
      <Filter>From_BBOnline</Filter>
    </ClCompile>
    <ClCompile Include="..\src\dungeon-map.cpp">
      <Filter>From_BBOnline</Filter>
    </ClCompile>
    <ClCompile Include="..\src\dungeonClient.cpp">
      <Filter>From_BBOnline</Filter>
    </ClCompile>
    <ClCompile Include="..\src\FileTool.cpp">
      <Filter>From_BBOnline</Filter>
    </ClCompile>
    <ClCompile Include="..\src\firstOptionMode.cpp">
      <Filter>From_BBOnline</Filter>
    </ClCompile>
    <ClCompile Include="..\src\FlockPoints.cpp">
      <Filter>From_BBOnline</Filter>
    </ClCompile>
    <ClCompile Include="..\src\glowQuad.cpp">
      <Filter>From_BBOnline</Filter>
    </ClCompile>
    <ClCompile Include="..\src\ground-map.cpp">
      <Filter>From_BBOnline</Filter>
    </ClCompile>
    <ClCompile Include="..\src\groundObject.cpp">
      <Filter>From_BBOnline</Filter>
    </ClCompile>
    <ClCompile Include="..\src\groundObjectTiles.cpp">
      <Filter>From_BBOnline</Filter>
    </ClCompile>
    <ClCompile Include="..\src\groundtestmode.cpp">
      <Filter>From_BBOnline</Filter>
    </ClCompile>
    <ClCompile Include="..\src\instructionMode.cpp">
      <Filter>From_BBOnline</Filter>
    </ClCompile>
    <ClCompile Include="..\src\inventory.cpp">
      <Filter>From_BBOnline</Filter>
    </ClCompile>
    <ClCompile Include="..\src\IPBanList.cpp">
      <Filter>From_BBOnline</Filter>
    </ClCompile>
    <ClCompile Include="..\src\labyrinth-map.cpp">
      <Filter>From_BBOnline</Filter>
    </ClCompile>
    <ClCompile Include="..\src\labyrinthObject.cpp">
      <Filter>From_BBOnline</Filter>
    </ClCompile>
    <ClCompile Include="..\src\legalMode.cpp">
      <Filter>From_BBOnline</Filter>
    </ClCompile>
    <ClCompile Include="..\src\loginmode.cpp">
      <Filter>From_BBOnline</Filter>
    </ClCompile>
    <ClCompile Include="..\src\longtime.cpp">
      <Filter>From_BBOnline</Filter>
    </ClCompile>
    <ClCompile Include="..\src\mapList.cpp">
      <Filter>From_BBOnline</Filter>
    </ClCompile>
    <ClCompile Include="..\src\memory_helper.cpp">
      <Filter>From_BBOnline</Filter>
    </ClCompile>
    <ClCompile Include="..\src\meshRepository.cpp">
      <Filter>From_BBOnline</Filter>
    </ClCompile>
    <ClCompile Include="..\src\monsterData.cpp">
      <Filter>From_BBOnline</Filter>
    </ClCompile>
    <ClCompile Include="..\src\optionMode.cpp">
      <Filter>From_BBOnline</Filter>
    </ClCompile>
    <ClCompile Include="..\src\particle.cpp">
      <Filter>From_BBOnline</Filter>
    </ClCompile>
    <ClCompile Include="..\src\particle2.cpp">
      <Filter>From_BBOnline</Filter>
    </ClCompile>
    <ClCompile Include="..\src\particle3.cpp">
      <Filter>From_BBOnline</Filter>
    </ClCompile>
    <ClCompile Include="..\src\particleRot.cpp">
      <Filter>From_BBOnline</Filter>
    </ClCompile>
    <ClCompile Include="..\src\particleScale.cpp">
      <Filter>From_BBOnline</Filter>
    </ClCompile>
    <ClCompile Include="..\src\particleSmoke.cpp">
      <Filter>From_BBOnline</Filter>
    </ClCompile>
    <ClCompile Include="..\src\petSound.cpp">
      <Filter>From_BBOnline</Filter>
    </ClCompile>
    <ClCompile Include="..\src\PickCharMode.cpp">
      <Filter>From_BBOnline</Filter>
    </ClCompile>
    <ClCompile Include="..\src\pointGlow.cpp">
      <Filter>From_BBOnline</Filter>
    </ClCompile>
    <ClCompile Include="..\src\pointsprites.cpp">
      <Filter>From_BBOnline</Filter>
    </ClCompile>
    <ClCompile Include="..\src\questSystem.cpp">
      <Filter>From_BBOnline</Filter>
    </ClCompile>
    <ClCompile Include="..\src\realm-map.cpp">
      <Filter>From_BBOnline</Filter>
    </ClCompile>
    <ClCompile Include="..\src\realmObject.cpp">
      <Filter>From_BBOnline</Filter>
    </ClCompile>
    <ClCompile Include="..\src\robot.cpp">
      <Filter>From_BBOnline</Filter>
    </ClCompile>
    <ClCompile Include="..\src\robotMode.cpp">
      <Filter>From_BBOnline</Filter>
    </ClCompile>
    <ClCompile Include="..\src\sharedSpace.cpp">
      <Filter>From_BBOnline</Filter>
    </ClCompile>
    <ClCompile Include="..\src\simpleGrass.cpp">
      <Filter>From_BBOnline</Filter>
    </ClCompile>
    <ClCompile Include="..\src\simpleMessageMode.cpp">
      <Filter>From_BBOnline</Filter>
    </ClCompile>
    <ClCompile Include="..\src\staffData.cpp">
      <Filter>From_BBOnline</Filter>
    </ClCompile>
    <ClCompile Include="..\src\startNewCharMode.cpp">
      <Filter>From_BBOnline</Filter>
    </ClCompile>
    <ClCompile Include="..\src\tokenManager.cpp">
      <Filter>From_BBOnline</Filter>
    </ClCompile>
    <ClCompile Include="..\src\totemData.cpp">
      <Filter>From_BBOnline</Filter>
    </ClCompile>
    <ClCompile Include="..\src\tower-map.cpp">
      <Filter>From_BBOnline</Filter>
    </ClCompile>
    <ClCompile Include="..\src\traderGoods.cpp">
      <Filter>From_BBOnline</Filter>
    </ClCompile>
    <ClCompile Include="..\src\uidbanlist.cpp">
      <Filter>From_BBOnline</Filter>
    </ClCompile>
    <ClCompile Include="..\src\viewSkinMode.cpp">
      <Filter>From_BBOnline</Filter>
    </ClCompile>
    <ClCompile Include="..\src\wikiMode.cpp">
      <Filter>From_BBOnline</Filter>
    </ClCompile>
    <ClCompile Include="..\src\Network\Client.cpp">
      <Filter>From_BBOnline\Network</Filter>
    </ClCompile>
    <ClCompile Include="..\src\Network\GetIP.cpp">
      <Filter>From_BBOnline\Network</Filter>
    </ClCompile>
    <ClCompile Include="..\src\Network\HoldingBuffer.cpp">
      <Filter>From_BBOnline\Network</Filter>
    </ClCompile>
    <ClCompile Include="..\src\Network\Iocp.cpp">
      <Filter>From_BBOnline\Network</Filter>
    </ClCompile>
    <ClCompile Include="..\src\Network\IOCPServer.cpp">
      <Filter>From_BBOnline\Network</Filter>
    </ClCompile>
    <ClCompile Include="..\src\Network\IOCPSocket.cpp">
      <Filter>From_BBOnline\Network</Filter>
    </ClCompile>
    <ClCompile Include="..\src\Network\Server.cpp">
      <Filter>From_BBOnline\Network</Filter>
    </ClCompile>
    <ClCompile Include="..\src\Network\SocketObject.cpp">
      <Filter>From_BBOnline\Network</Filter>
    </ClCompile>
    <ClCompile Include="..\src\Network\TCPSocket.cpp">
      <Filter>From_BBOnline\Network</Filter>
    </ClCompile>
    <ClCompile Include="..\src\Network\UDPSocket.cpp">
      <Filter>From_BBOnline\Network</Filter>
    </ClCompile>
    <ClCompile Include="..\src\Helper\AutoLog.cpp">
      <Filter>From_BBOnline\Helper</Filter>
    </ClCompile>
    <ClCompile Include="..\src\Helper\BStream.cpp">
      <Filter>From_BBOnline\Helper</Filter>
    </ClCompile>
    <ClCompile Include="..\src\Helper\crc.cpp">
      <Filter>From_BBOnline\Helper</Filter>
    </ClCompile>
    <ClCompile Include="..\src\Helper\crypto.cpp">
      <Filter>From_BBOnline\Helper</Filter>
    </ClCompile>
    <ClCompile Include="..\src\Helper\Dataobje.cpp">
      <Filter>From_BBOnline\Helper</Filter>
    </ClCompile>
    <ClCompile Include="..\src\Helper\Debug.cpp">
      <Filter>From_BBOnline\Helper</Filter>
    </ClCompile>
    <ClCompile Include="..\src\Helper\fileFind.cpp">
      <Filter>From_BBOnline\Helper</Filter>
    </ClCompile>
    <ClCompile Include="..\src\Helper\GeneralUtils.cpp">
      <Filter>From_BBOnline\Helper</Filter>
    </ClCompile>
    <ClCompile Include="..\src\Helper\Linklist.cpp">
      <Filter>From_BBOnline\Helper</Filter>
    </ClCompile>
    <ClCompile Include="..\src\Helper\Mutex.cpp">
      <Filter>From_BBOnline\Helper</Filter>
    </ClCompile>
    <ClCompile Include="..\src\Helper\ReadIni.cpp">
      <Filter>From_BBOnline\Helper</Filter>
    </ClCompile>
    <ClCompile Include="..\src\Helper\sendMail.cpp">
      <Filter>From_BBOnline\Helper</Filter>
    </ClCompile>
    <ClCompile Include="..\src\Helper\tweakSystem.cpp">
      <Filter>From_BBOnline\Helper</Filter>
    </ClCompile>
    <ClCompile Include="..\src\Helper\UniqueNames.cpp">
      <Filter>From_BBOnline\Helper</Filter>
    </ClCompile>
    <ClCompile Include="..\src\Puma\basegenmode.cpp">
      <Filter>From_BBOnline\Puma</Filter>
    </ClCompile>
    <ClCompile Include="..\src\Puma\d3dapp.cpp">
      <Filter>From_BBOnline\Puma</Filter>
    </ClCompile>
    <ClCompile Include="..\src\Puma\d3dfont.cpp">
      <Filter>From_BBOnline\Puma</Filter>
    </ClCompile>
    <ClCompile Include="..\src\Puma\d3dutil.cpp">
      <Filter>From_BBOnline\Puma</Filter>
    </ClCompile>
    <ClCompile Include="..\src\Puma\dsutil.cpp">
      <Filter>From_BBOnline\Puma</Filter>
    </ClCompile>
    <ClCompile Include="..\src\Puma\dxutil.cpp">
      <Filter>From_BBOnline\Puma</Filter>
    </ClCompile>
    <ClCompile Include="..\src\Puma\EmulationNetWorldRadio.cpp">
      <Filter>From_BBOnline\Puma</Filter>
    </ClCompile>
    <ClCompile Include="..\src\Puma\gamemode.cpp">
      <Filter>From_BBOnline\Puma</Filter>
    </ClCompile>
    <ClCompile Include="..\src\Puma\generatormode.cpp">
      <Filter>From_BBOnline\Puma</Filter>
    </ClCompile>
    <ClCompile Include="..\src\Puma\Noise.cpp">
      <Filter>From_BBOnline\Puma</Filter>
    </ClCompile>
    <ClCompile Include="..\src\Puma\plasmaTexture.cpp">
      <Filter>From_BBOnline\Puma</Filter>
    </ClCompile>
    <ClCompile Include="..\src\Puma\puma.cpp">
      <Filter>From_BBOnline\Puma</Filter>
    </ClCompile>
    <ClCompile Include="..\src\Puma\pumaAnim.cpp">
      <Filter>From_BBOnline\Puma</Filter>
    </ClCompile>
    <ClCompile Include="..\src\Puma\pumaMain.cpp">
      <Filter>From_BBOnline\Puma</Filter>
    </ClCompile>
    <ClCompile Include="..\src\Puma\pumaMesh.cpp">
      <Filter>From_BBOnline\Puma</Filter>
    </ClCompile>
    <ClCompile Include="..\src\Puma\pumaRawVerts.cpp">
      <Filter>From_BBOnline\Puma</Filter>
    </ClCompile>
    <ClCompile Include="..\src\Puma\pumaSound.cpp">
      <Filter>From_BBOnline\Puma</Filter>
    </ClCompile>
    <ClCompile Include="..\src\Puma\pumaVideoData.cpp">
      <Filter>From_BBOnline\Puma</Filter>
    </ClCompile>
    <ClCompile Include="..\src\Puma\UIR_ArtTextButton.cpp">
      <Filter>From_BBOnline\Puma</Filter>
    </ClCompile>
    <ClCompile Include="..\src\Puma\UIR_BigInfoWindow.cpp">
      <Filter>From_BBOnline\Puma</Filter>
    </ClCompile>
    <ClCompile Include="..\src\Puma\UIR_ChatWindow.cpp">
      <Filter>From_BBOnline\Puma</Filter>
    </ClCompile>
    <ClCompile Include="..\src\Puma\UIR_DragBar.cpp">
      <Filter>From_BBOnline\Puma</Filter>
    </ClCompile>
    <ClCompile Include="..\src\Puma\UIR_DragEdge.cpp">
      <Filter>From_BBOnline\Puma</Filter>
    </ClCompile>
    <ClCompile Include="..\src\Puma\UIR_EdgeBar.cpp">
      <Filter>From_BBOnline\Puma</Filter>
    </ClCompile>
    <ClCompile Include="..\src\Puma\UIR_EditLine.cpp">
      <Filter>From_BBOnline\Puma</Filter>
    </ClCompile>
    <ClCompile Include="..\src\Puma\UIR_ScrollWindow.cpp">
      <Filter>From_BBOnline\Puma</Filter>
    </ClCompile>
    <ClCompile Include="..\src\Puma\UIR_TextBox.cpp">
      <Filter>From_BBOnline\Puma</Filter>
    </ClCompile>
    <ClCompile Include="..\src\Puma\UIR_TextButton.cpp">
      <Filter>From_BBOnline\Puma</Filter>
    </ClCompile>
    <ClCompile Include="..\src\Puma\UIR_Window.cpp">
      <Filter>From_BBOnline\Puma</Filter>
    </ClCompile>
    <ClCompile Include="..\src\Puma\UIRect.cpp">
      <Filter>From_BBOnline\Puma</Filter>
    </ClCompile>
    <ClCompile Include="..\src\Helper\PasswordHash.cpp">
      <Filter>From_BBOnline\Helper</Filter>
    </ClCompile>
    <ClCompile Include="..\src\Helper\PBKDF2.cpp">
      <Filter>From_BBOnline\Helper</Filter>
    </ClCompile>
  </ItemGroup>
  <ItemGroup>
    <ClInclude Include="..\src\3dInfoRecord.h">
      <Filter>From_BBOnline</Filter>
    </ClInclude>
    <ClInclude Include="..\src\ArmyDead.h">
      <Filter>From_BBOnline</Filter>
    </ClInclude>
    <ClInclude Include="..\src\ArmyDragonArchMage.h">
      <Filter>From_BBOnline</Filter>
    </ClInclude>
    <ClInclude Include="..\src\ArmyDragonChaplain.h">
      <Filter>From_BBOnline</Filter>
    </ClInclude>
    <ClInclude Include="..\src\ArmyDragonOverlord.h">
      <Filter>From_BBOnline</Filter>
    </ClInclude>
    <ClInclude Include="..\src\ArmyDragons.h">
      <Filter>From_BBOnline</Filter>
    </ClInclude>
    <ClInclude Include="..\src\ArmyDuskWurm.h">
      <Filter>From_BBOnline</Filter>
    </ClInclude>
    <ClInclude Include="..\src\ArmyDuskWurn.h">
      <Filter>From_BBOnline</Filter>
    </ClInclude>
    <ClInclude Include="..\src\ArmyHalloween.h">
      <Filter>From_BBOnline</Filter>
    </ClInclude>
    <ClInclude Include="..\src\ArmySpiders.h">
      <Filter>From_BBOnline</Filter>
    </ClInclude>
    <ClInclude Include="..\src\avatarTexture.h">
      <Filter>From_BBOnline</Filter>
    </ClInclude>
    <ClInclude Include="..\src\backSound.h">
      <Filter>From_BBOnline</Filter>
    </ClInclude>
    <ClInclude Include="..\src\BBO-Sarmy.h">
      <Filter>From_BBOnline</Filter>
    </ClInclude>
    <ClInclude Include="..\src\BBO-SAutoQuest.h">
      <Filter>From_BBOnline</Filter>
    </ClInclude>
    <ClInclude Include="..\src\BBO-Savatar.h">
      <Filter>From_BBOnline</Filter>
    </ClInclude>
    <ClInclude Include="..\src\BBO-Sbomb.h">
      <Filter>From_BBOnline</Filter>
    </ClInclude>
    <ClInclude Include="..\src\BBO-SChainQuest.h">
      <Filter>From_BBOnline</Filter>
    </ClInclude>
    <ClInclude Include="..\src\BBO-Schest.h">
      <Filter>From_BBOnline</Filter>
    </ClInclude>
    <ClInclude Include="..\src\BBO-Sgen-dragons.h">
      <Filter>From_BBOnline</Filter>
    </ClInclude>
    <ClInclude Include="..\src\BBO-Sgen-nearvamps.h">
      <Filter>From_BBOnline</Filter>
    </ClInclude>
    <ClInclude Include="..\src\BBO-Sgen-orcclan.h">
      <Filter>From_BBOnline</Filter>
    </ClInclude>
    <ClInclude Include="..\src\BBO-Sgen-spirits.h">
      <Filter>From_BBOnline</Filter>
    </ClInclude>
    <ClInclude Include="..\src\BBO-Sgen-vamps.h">
      <Filter>From_BBOnline</Filter>
    </ClInclude>
    <ClInclude Include="..\src\BBO-Sgenerator.h">
      <Filter>From_BBOnline</Filter>
    </ClInclude>
    <ClInclude Include="..\src\BBO-SgroundEffect.h">
      <Filter>From_BBOnline</Filter>
    </ClInclude>
    <ClInclude Include="..\src\BBO-SInvadeQuest.h">
      <Filter>From_BBOnline</Filter>
    </ClInclude>
    <ClInclude Include="..\src\BBO-Smob.h">
      <Filter>From_BBOnline</Filter>
    </ClInclude>
    <ClInclude Include="..\src\BBO-Smonster.h">
      <Filter>From_BBOnline</Filter>
    </ClInclude>
    <ClInclude Include="..\src\BBO-SNewbGenerator.h">
      <Filter>From_BBOnline</Filter>
    </ClInclude>
    <ClInclude Include="..\src\BBO-Snpc.h">
      <Filter>From_BBOnline</Filter>
    </ClInclude>
    <ClInclude Include="..\src\BBO-Stower.h">
      <Filter>From_BBOnline</Filter>
    </ClInclude>
    <ClInclude Include="..\src\BBO-Stree.h">
      <Filter>From_BBOnline</Filter>
    </ClInclude>
    <ClInclude Include="..\src\BBO-SwarpPoint.h">
      <Filter>From_BBOnline</Filter>
    </ClInclude>
    <ClInclude Include="..\src\BBO.h">
      <Filter>From_BBOnline</Filter>
    </ClInclude>
    <ClInclude Include="..\src\BBOclient.h">
      <Filter>From_BBOnline</Filter>
    </ClInclude>
    <ClInclude Include="..\src\BBOmob.h">
      <Filter>From_BBOnline</Filter>
    </ClInclude>
    <ClInclude Include="..\src\BBOpet.h">
      <Filter>From_BBOnline</Filter>
    </ClInclude>
    <ClInclude Include="..\src\BBOserver.h">
      <Filter>From_BBOnline</Filter>
    </ClInclude>
    <ClInclude Include="..\src\BBOShadows.h">
      <Filter>From_BBOnline</Filter>
    </ClInclude>
    <ClInclude Include="..\src\BBOSquare.h">
      <Filter>From_BBOnline</Filter>
    </ClInclude>
    <ClInclude Include="..\src\BBOstatic.h">
      <Filter>From_BBOnline</Filter>
    </ClInclude>
    <ClInclude Include="..\src\clientOnly.h">
      <Filter>From_BBOnline</Filter>
    </ClInclude>
    <ClInclude Include="..\src\creditsMode.h">
      <Filter>From_BBOnline</Filter>
    </ClInclude>
    <ClInclude Include="..\src\deleteConfirmMode.h">
      <Filter>From_BBOnline</Filter>
    </ClInclude>
    <ClInclude Include="..\src\DesignCharMode.h">
      <Filter>From_BBOnline</Filter>
    </ClInclude>
    <ClInclude Include="..\src\dungeon-map.h">
      <Filter>From_BBOnline</Filter>
    </ClInclude>
    <ClInclude Include="..\src\dungeonClient.h">
      <Filter>From_BBOnline</Filter>
    </ClInclude>
    <ClInclude Include="..\src\FileTool.h">
      <Filter>From_BBOnline</Filter>
    </ClInclude>
    <ClInclude Include="..\src\firstOptionMode.h">
      <Filter>From_BBOnline</Filter>
    </ClInclude>
    <ClInclude Include="..\src\FlockPoints.h">
      <Filter>From_BBOnline</Filter>
    </ClInclude>
    <ClInclude Include="..\src\glowQuad.h">
      <Filter>From_BBOnline</Filter>
    </ClInclude>
    <ClInclude Include="..\src\ground-map.h">
      <Filter>From_BBOnline</Filter>
    </ClInclude>
    <ClInclude Include="..\src\groundObject.h">
      <Filter>From_BBOnline</Filter>
    </ClInclude>
    <ClInclude Include="..\src\groundObjectTiles.h">
      <Filter>From_BBOnline</Filter>
    </ClInclude>
    <ClInclude Include="..\src\groundtestmode.h">
      <Filter>From_BBOnline</Filter>
    </ClInclude>
    <ClInclude Include="..\src\instructionMode.h">
      <Filter>From_BBOnline</Filter>
    </ClInclude>
    <ClInclude Include="..\src\inventory.h">
      <Filter>From_BBOnline</Filter>
    </ClInclude>
    <ClInclude Include="..\src\IPBanList.h">
      <Filter>From_BBOnline</Filter>
    </ClInclude>
    <ClInclude Include="..\src\labyrinth-map.h">
      <Filter>From_BBOnline</Filter>
    </ClInclude>
    <ClInclude Include="..\src\labyrinthObject.h">
      <Filter>From_BBOnline</Filter>
    </ClInclude>
    <ClInclude Include="..\src\legalMode.h">
      <Filter>From_BBOnline</Filter>
    </ClInclude>
    <ClInclude Include="..\src\legaMode.h">
      <Filter>From_BBOnline</Filter>
    </ClInclude>
    <ClInclude Include="..\src\loginmode.h">
      <Filter>From_BBOnline</Filter>
    </ClInclude>
    <ClInclude Include="..\src\longtime.h">
      <Filter>From_BBOnline</Filter>
    </ClInclude>
    <ClInclude Include="..\src\mapList.h">
      <Filter>From_BBOnline</Filter>
    </ClInclude>
    <ClInclude Include="..\src\memory_helper.h">
      <Filter>From_BBOnline</Filter>
    </ClInclude>
    <ClInclude Include="..\src\meshRepository.h">
      <Filter>From_BBOnline</Filter>
    </ClInclude>
    <ClInclude Include="..\src\monsterData.h">
      <Filter>From_BBOnline</Filter>
    </ClInclude>
    <ClInclude Include="..\src\optionMode.h">
      <Filter>From_BBOnline</Filter>
    </ClInclude>
    <ClInclude Include="..\src\particle.h">
      <Filter>From_BBOnline</Filter>
    </ClInclude>
    <ClInclude Include="..\src\particle2.h">
      <Filter>From_BBOnline</Filter>
    </ClInclude>
    <ClInclude Include="..\src\particle3.h">
      <Filter>From_BBOnline</Filter>
    </ClInclude>
    <ClInclude Include="..\src\particleRot.h">
      <Filter>From_BBOnline</Filter>
    </ClInclude>
    <ClInclude Include="..\src\particleScale.h">
      <Filter>From_BBOnline</Filter>
    </ClInclude>
    <ClInclude Include="..\src\particleSmoke.h">
      <Filter>From_BBOnline</Filter>
    </ClInclude>
    <ClInclude Include="..\src\petSound.h">
      <Filter>From_BBOnline</Filter>
    </ClInclude>
    <ClInclude Include="..\src\PickCharMode.h">
      <Filter>From_BBOnline</Filter>
    </ClInclude>
    <ClInclude Include="..\src\pointGlow.h">
      <Filter>From_BBOnline</Filter>
    </ClInclude>
    <ClInclude Include="..\src\pointsprites.h">
      <Filter>From_BBOnline</Filter>
    </ClInclude>
    <ClInclude Include="..\src\questSystem.h">
      <Filter>From_BBOnline</Filter>
    </ClInclude>
    <ClInclude Include="..\src\realm-map.h">
      <Filter>From_BBOnline</Filter>
    </ClInclude>
    <ClInclude Include="..\src\realmObject.h">
      <Filter>From_BBOnline</Filter>
    </ClInclude>
    <ClInclude Include="..\src\robot.h">
      <Filter>From_BBOnline</Filter>
    </ClInclude>
    <ClInclude Include="..\src\robotMode.h">
      <Filter>From_BBOnline</Filter>
    </ClInclude>
    <ClInclude Include="..\src\sharedSpace.h">
      <Filter>From_BBOnline</Filter>
    </ClInclude>
    <ClInclude Include="..\src\simpleGrass.h">
      <Filter>From_BBOnline</Filter>
    </ClInclude>
    <ClInclude Include="..\src\simpleMessageMode.h">
      <Filter>From_BBOnline</Filter>
    </ClInclude>
    <ClInclude Include="..\src\staffData.h">
      <Filter>From_BBOnline</Filter>
    </ClInclude>
    <ClInclude Include="..\src\startNewCharMode.h">
      <Filter>From_BBOnline</Filter>
    </ClInclude>
    <ClInclude Include="..\src\TileDefinitions.h">
      <Filter>From_BBOnline</Filter>
    </ClInclude>
    <ClInclude Include="..\src\tokenManager.h">
      <Filter>From_BBOnline</Filter>
    </ClInclude>
    <ClInclude Include="..\src\totemData.h">
      <Filter>From_BBOnline</Filter>
    </ClInclude>
    <ClInclude Include="..\src\tower-map.h">
      <Filter>From_BBOnline</Filter>
    </ClInclude>
    <ClInclude Include="..\src\traderGoods.h">
      <Filter>From_BBOnline</Filter>
    </ClInclude>
    <ClInclude Include="..\src\uidbanlist.h">
      <Filter>From_BBOnline</Filter>
    </ClInclude>
    <ClInclude Include="..\src\version.h">
      <Filter>From_BBOnline</Filter>
    </ClInclude>
    <ClInclude Include="..\src\viewSkinMode.h">
      <Filter>From_BBOnline</Filter>
    </ClInclude>
    <ClInclude Include="..\src\wikiMode.h">
      <Filter>From_BBOnline</Filter>
    </ClInclude>
    <ClInclude Include="..\src\Network\Client.h">
      <Filter>From_BBOnline\Network</Filter>
    </ClInclude>
    <ClInclude Include="..\src\Network\DisableWarnings.h">
      <Filter>From_BBOnline\Network</Filter>
    </ClInclude>
    <ClInclude Include="..\src\Network\Fifo.h">
      <Filter>From_BBOnline\Network</Filter>
    </ClInclude>
    <ClInclude Include="..\src\Network\GetIP.h">
      <Filter>From_BBOnline\Network</Filter>
    </ClInclude>
    <ClInclude Include="..\src\Network\HoldingBuffer.h">
      <Filter>From_BBOnline\Network</Filter>
    </ClInclude>
    <ClInclude Include="..\src\Network\Iocp.h">
      <Filter>From_BBOnline\Network</Filter>
    </ClInclude>
    <ClInclude Include="..\src\Network\IOCPServer.h">
      <Filter>From_BBOnline\Network</Filter>
    </ClInclude>
    <ClInclude Include="..\src\Network\IOCPSocket.h">
      <Filter>From_BBOnline\Network</Filter>
    </ClInclude>
    <ClInclude Include="..\src\Network\ISocket.h">
      <Filter>From_BBOnline\Network</Filter>
    </ClInclude>
    <ClInclude Include="..\src\Network\ISocketHandler.h">
      <Filter>From_BBOnline\Network</Filter>
    </ClInclude>
    <ClInclude Include="..\src\Network\NetSystem.h">
      <Filter>From_BBOnline\Network</Filter>
    </ClInclude>
    <ClInclude Include="..\src\Network\NetWorldMessages.h">
      <Filter>From_BBOnline\Network</Filter>
    </ClInclude>
    <ClInclude Include="..\src\Network\NetWorldRadio.h">
      <Filter>From_BBOnline\Network</Filter>
    </ClInclude>
    <ClInclude Include="..\src\Network\Server.h">
      <Filter>From_BBOnline\Network</Filter>
    </ClInclude>
    <ClInclude Include="..\src\Network\SocketObject.h">
      <Filter>From_BBOnline\Network</Filter>
    </ClInclude>
    <ClInclude Include="..\src\Network\SOverlapped.h">
      <Filter>From_BBOnline\Network</Filter>
    </ClInclude>
    <ClInclude Include="..\src\Network\TCPSocket.h">
      <Filter>From_BBOnline\Network</Filter>
    </ClInclude>
    <ClInclude Include="..\src\Network\UDPSocket.h">
      <Filter>From_BBOnline\Network</Filter>
    </ClInclude>
    <ClInclude Include="..\src\Helper\AutoLog.h">
      <Filter>From_BBOnline\Helper</Filter>
    </ClInclude>
    <ClInclude Include="..\src\Helper\BStream.h">
      <Filter>From_BBOnline\Helper</Filter>
    </ClInclude>
    <ClInclude Include="..\src\Helper\crc.h">
      <Filter>From_BBOnline\Helper</Filter>
    </ClInclude>
    <ClInclude Include="..\src\Helper\crypto.h">
      <Filter>From_BBOnline\Helper</Filter>
    </ClInclude>
    <ClInclude Include="..\src\Helper\Dataobje.h">
      <Filter>From_BBOnline\Helper</Filter>
    </ClInclude>
    <ClInclude Include="..\src\Helper\Debug.h">
      <Filter>From_BBOnline\Helper</Filter>
    </ClInclude>
    <ClInclude Include="..\src\Helper\DisableWarnings.h">
      <Filter>From_BBOnline\Helper</Filter>
    </ClInclude>
    <ClInclude Include="..\src\Helper\Fifo.h">
      <Filter>From_BBOnline\Helper</Filter>
    </ClInclude>
    <ClInclude Include="..\src\Helper\fileFind.h">
      <Filter>From_BBOnline\Helper</Filter>
    </ClInclude>
    <ClInclude Include="..\src\Helper\GeneralUtils.h">
      <Filter>From_BBOnline\Helper</Filter>
    </ClInclude>
    <ClInclude Include="..\src\Helper\Linklist.h">
      <Filter>From_BBOnline\Helper</Filter>
    </ClInclude>
    <ClInclude Include="..\src\Helper\messageSystem.h">
      <Filter>From_BBOnline\Helper</Filter>
    </ClInclude>
    <ClInclude Include="..\src\Helper\Mutex.h">
      <Filter>From_BBOnline\Helper</Filter>
    </ClInclude>
    <ClInclude Include="..\src\Helper\Packets.h">
      <Filter>From_BBOnline\Helper</Filter>
    </ClInclude>
    <ClInclude Include="..\src\Helper\ReadIni.h">
      <Filter>From_BBOnline\Helper</Filter>
    </ClInclude>
    <ClInclude Include="..\src\Helper\sendMail.h">
      <Filter>From_BBOnline\Helper</Filter>
    </ClInclude>
    <ClInclude Include="..\src\Helper\TagID.h">
      <Filter>From_BBOnline\Helper</Filter>
    </ClInclude>
    <ClInclude Include="..\src\Helper\tweakSystem.h">
      <Filter>From_BBOnline\Helper</Filter>
    </ClInclude>
    <ClInclude Include="..\src\Helper\Types.h">
      <Filter>From_BBOnline\Helper</Filter>
    </ClInclude>
    <ClInclude Include="..\src\Helper\UniqueNames.h">
      <Filter>From_BBOnline\Helper</Filter>
    </ClInclude>
    <ClInclude Include="..\src\Puma\basegenmode.h">
      <Filter>From_BBOnline\Puma</Filter>
    </ClInclude>
    <ClInclude Include="..\src\Puma\d3dapp.h">
      <Filter>From_BBOnline\Puma</Filter>
    </ClInclude>
    <ClInclude Include="..\src\Puma\d3dfont.h">
      <Filter>From_BBOnline\Puma</Filter>
    </ClInclude>
    <ClInclude Include="..\src\Puma\d3dres.h">
      <Filter>From_BBOnline\Puma</Filter>
    </ClInclude>
    <ClInclude Include="..\src\Puma\d3dutil.h">
      <Filter>From_BBOnline\Puma</Filter>
    </ClInclude>
    <ClInclude Include="..\src\Puma\dsutil.h">
      <Filter>From_BBOnline\Puma</Filter>
    </ClInclude>
    <ClInclude Include="..\src\Puma\dxutil.h">
      <Filter>From_BBOnline\Puma</Filter>
    </ClInclude>
    <ClInclude Include="..\src\Puma\EmulationNetWorldRadio.h">
      <Filter>From_BBOnline\Puma</Filter>
    </ClInclude>
    <ClInclude Include="..\src\Puma\gamemode.h">
      <Filter>From_BBOnline\Puma</Filter>
    </ClInclude>
    <ClInclude Include="..\src\Puma\generatormode.h">
      <Filter>From_BBOnline\Puma</Filter>
    </ClInclude>
    <ClInclude Include="..\src\Puma\Noise.h">
      <Filter>From_BBOnline\Puma</Filter>
    </ClInclude>
    <ClInclude Include="..\src\Puma\plasmaTexture.h">
      <Filter>From_BBOnline\Puma</Filter>
    </ClInclude>
    <ClInclude Include="..\src\Puma\puma.h">
      <Filter>From_BBOnline\Puma</Filter>
    </ClInclude>
    <ClInclude Include="..\src\Puma\pumaAnim.h">
      <Filter>From_BBOnline\Puma</Filter>
    </ClInclude>
    <ClInclude Include="..\src\Puma\pumaMesh.h">
      <Filter>From_BBOnline\Puma</Filter>
    </ClInclude>
    <ClInclude Include="..\src\Puma\pumaRawVerts.h">
      <Filter>From_BBOnline\Puma</Filter>
    </ClInclude>
    <ClInclude Include="..\src\Puma\pumaSound.h">
      <Filter>From_BBOnline\Puma</Filter>
    </ClInclude>
    <ClInclude Include="..\src\Puma\pumaVideoData.h">
      <Filter>From_BBOnline\Puma</Filter>
    </ClInclude>
    <ClInclude Include="..\src\Puma\UIR_ArtTextButton.h">
      <Filter>From_BBOnline\Puma</Filter>
    </ClInclude>
    <ClInclude Include="..\src\Puma\UIR_BigInfoWindow.h">
      <Filter>From_BBOnline\Puma</Filter>
    </ClInclude>
    <ClInclude Include="..\src\Puma\UIR_ChatWindow.h">
      <Filter>From_BBOnline\Puma</Filter>
    </ClInclude>
    <ClInclude Include="..\src\Puma\UIR_DragBar.h">
      <Filter>From_BBOnline\Puma</Filter>
    </ClInclude>
    <ClInclude Include="..\src\Puma\UIR_DragEdge.h">
      <Filter>From_BBOnline\Puma</Filter>
    </ClInclude>
    <ClInclude Include="..\src\Puma\UIR_EdgeBar.h">
      <Filter>From_BBOnline\Puma</Filter>
    </ClInclude>
    <ClInclude Include="..\src\Puma\UIR_EditLine.h">
      <Filter>From_BBOnline\Puma</Filter>
    </ClInclude>
    <ClInclude Include="..\src\Puma\UIR_ScrollWindow.h">
      <Filter>From_BBOnline\Puma</Filter>
    </ClInclude>
    <ClInclude Include="..\src\Puma\UIR_TextBox.h">
      <Filter>From_BBOnline\Puma</Filter>
    </ClInclude>
    <ClInclude Include="..\src\Puma\UIR_TextButton.h">
      <Filter>From_BBOnline\Puma</Filter>
    </ClInclude>
    <ClInclude Include="..\src\Puma\UIR_Window.h">
      <Filter>From_BBOnline\Puma</Filter>
    </ClInclude>
    <ClInclude Include="..\src\Puma\UIRect.h">
      <Filter>From_BBOnline\Puma</Filter>
    </ClInclude>
    <ClInclude Include="..\src\Puma\version.h">
      <Filter>From_BBOnline\Puma</Filter>
    </ClInclude>
    <ClInclude Include="..\src\Helper\PasswordHash.h">
      <Filter>From_BBOnline\Helper</Filter>
    </ClInclude>
    <ClInclude Include="..\src\Helper\PBKDF2.h">
      <Filter>From_BBOnline\Helper</Filter>
    </ClInclude>
  </ItemGroup>
  <ItemGroup>
    <None Include="ReadMe.txt" />
  </ItemGroup>
</Project>