<?xml version="1.0" encoding="utf-8"?>
<Project ToolsVersion="4.0" xmlns="http://schemas.microsoft.com/developer/msbuild/2003">
  <ItemGroup>
    <Filter Include="Source Files">
      <UniqueIdentifier>{ba1fcad2-9399-49b7-b7e1-90c9a7e4d04a}</UniqueIdentifier>
      <Extensions>cpp;c;cxx;rc;def;r;odl;idl;hpj;bat</Extensions>
    </Filter>
    <Filter Include="Source Files\Network">
      <UniqueIdentifier>{72d5981d-bd9b-4ffe-8925-2ec9b7cd4636}</UniqueIdentifier>
    </Filter>
    <Filter Include="Header Files">
      <UniqueIdentifier>{3f2b17a5-2a45-45e6-ba33-253060608b73}</UniqueIdentifier>
      <Extensions>h;hpp;hxx;hm;inl</Extensions>
    </Filter>
    <Filter Include="Resource Files">
      <UniqueIdentifier>{af7e24da-627b-4827-8187-a2b59f957e3c}</UniqueIdentifier>
      <Extensions>ico;cur;bmp;dlg;rc2;rct;bin;rgs;gif;jpg;jpeg;jpe</Extensions>
    </Filter>
  </ItemGroup>
  <ItemGroup>
    <ClCompile Include="..\Src\ArmyDead.cpp">
      <Filter>Source Files</Filter>
    </ClCompile>
    <ClCompile Include="..\Src\ArmyDragonArchMage.cpp">
      <Filter>Source Files</Filter>
    </ClCompile>
    <ClCompile Include="..\Src\ArmyDragonChaplain.cpp">
      <Filter>Source Files</Filter>
    </ClCompile>
    <ClCompile Include="..\Src\ArmyDragonOverlord.cpp">
      <Filter>Source Files</Filter>
    </ClCompile>
    <ClCompile Include="..\Src\ArmyDragons.cpp">
      <Filter>Source Files</Filter>
    </ClCompile>
    <ClCompile Include="..\Src\ArmyDuskWurm.cpp">
      <Filter>Source Files</Filter>
    </ClCompile>
    <ClCompile Include="..\Src\ArmyHalloween.cpp">
      <Filter>Source Files</Filter>
    </ClCompile>
    <ClCompile Include="..\Src\ArmySpiders.cpp">
      <Filter>Source Files</Filter>
    </ClCompile>
    <ClCompile Include="..\Src\BBO-Sarmy.cpp">
      <Filter>Source Files</Filter>
    </ClCompile>
    <ClCompile Include="..\Src\BBO-SAutoQuest.cpp">
      <Filter>Source Files</Filter>
    </ClCompile>
    <ClCompile Include="..\Src\BBO-Savatar.cpp">
      <Filter>Source Files</Filter>
    </ClCompile>
    <ClCompile Include="..\Src\BBO-Sbomb.cpp">
      <Filter>Source Files</Filter>
    </ClCompile>
    <ClCompile Include="..\Src\BBO-SChainQuest.cpp">
      <Filter>Source Files</Filter>
    </ClCompile>
    <ClCompile Include="..\Src\BBO-Schest.cpp">
      <Filter>Source Files</Filter>
    </ClCompile>
    <ClCompile Include="..\Src\BBO-Sgen-dragons.cpp">
      <Filter>Source Files</Filter>
    </ClCompile>
    <ClCompile Include="..\Src\BBO-Sgen-nearvamps.cpp">
      <Filter>Source Files</Filter>
    </ClCompile>
    <ClCompile Include="..\Src\BBO-Sgen-orcclan.cpp">
      <Filter>Source Files</Filter>
    </ClCompile>
    <ClCompile Include="..\Src\BBO-Sgen-spirits.cpp">
      <Filter>Source Files</Filter>
    </ClCompile>
    <ClCompile Include="..\Src\BBO-Sgen-vamps.cpp">
      <Filter>Source Files</Filter>
    </ClCompile>
    <ClCompile Include="..\Src\BBO-Sgenerator.cpp">
      <Filter>Source Files</Filter>
    </ClCompile>
    <ClCompile Include="..\Src\BBO-SgroundEffect.cpp">
      <Filter>Source Files</Filter>
    </ClCompile>
    <ClCompile Include="..\Src\BBO-SInvadeQuest.cpp">
      <Filter>Source Files</Filter>
    </ClCompile>
    <ClCompile Include="..\Src\BBO-Smob.cpp">
      <Filter>Source Files</Filter>
    </ClCompile>
    <ClCompile Include="..\Src\BBO-Smonster.cpp">
      <Filter>Source Files</Filter>
    </ClCompile>
    <ClCompile Include="..\Src\BBO-SNewbGenerator.cpp">
      <Filter>Source Files</Filter>
    </ClCompile>
    <ClCompile Include="..\Src\BBO-Snpc.cpp">
      <Filter>Source Files</Filter>
    </ClCompile>
    <ClCompile Include="..\Src\BBO-Stower.cpp">
      <Filter>Source Files</Filter>
    </ClCompile>
    <ClCompile Include="..\Src\BBO-Stree.cpp">
      <Filter>Source Files</Filter>
    </ClCompile>
    <ClCompile Include="..\Src\BBO-SwarpPoint.cpp">
      <Filter>Source Files</Filter>
    </ClCompile>
    <ClCompile Include="..\Src\BBO.cpp">
      <Filter>Source Files</Filter>
    </ClCompile>
    <ClCompile Include="..\Src\BBOserver.cpp">
      <Filter>Source Files</Filter>
    </ClCompile>
    <ClCompile Include="..\src\helper\BStream.cpp">
      <Filter>Source Files</Filter>
    </ClCompile>
    <ClCompile Include="..\src\helper\crc.cpp">
      <Filter>Source Files</Filter>
    </ClCompile>
    <ClCompile Include="..\src\helper\crypto.cpp">
      <Filter>Source Files</Filter>
    </ClCompile>
    <ClCompile Include="..\src\helper\Dataobje.cpp">
      <Filter>Source Files</Filter>
    </ClCompile>
    <ClCompile Include="..\src\helper\Debug.cpp">
      <Filter>Source Files</Filter>
    </ClCompile>
    <ClCompile Include="..\Src\dungeon-map.cpp">
      <Filter>Source Files</Filter>
    </ClCompile>
    <ClCompile Include="..\Src\FileTool.cpp">
      <Filter>Source Files</Filter>
    </ClCompile>
    <ClCompile Include="..\src\helper\GeneralUtils.cpp">
      <Filter>Source Files</Filter>
    </ClCompile>
    <ClCompile Include="..\Src\ground-map.cpp">
      <Filter>Source Files</Filter>
    </ClCompile>
    <ClCompile Include="..\Src\inventory.cpp">
      <Filter>Source Files</Filter>
    </ClCompile>
    <ClCompile Include="..\Src\IPBanList.cpp">
      <Filter>Source Files</Filter>
    </ClCompile>
    <ClCompile Include="..\Src\labyrinth-map.cpp">
      <Filter>Source Files</Filter>
    </ClCompile>
    <ClCompile Include="..\src\helper\Linklist.cpp">
      <Filter>Source Files</Filter>
    </ClCompile>
    <ClCompile Include="..\Src\longtime.cpp">
      <Filter>Source Files</Filter>
    </ClCompile>
    <ClCompile Include="..\Src\mapList.cpp">
      <Filter>Source Files</Filter>
    </ClCompile>
    <ClCompile Include="..\src\memory_helper.cpp">
      <Filter>Source Files</Filter>
    </ClCompile>
    <ClCompile Include="..\Src\monsterData.cpp">
      <Filter>Source Files</Filter>
    </ClCompile>
    <ClCompile Include="..\src\helper\Mutex.cpp">
      <Filter>Source Files</Filter>
    </ClCompile>
    <ClCompile Include="..\Src\questSystem.cpp">
      <Filter>Source Files</Filter>
    </ClCompile>
    <ClCompile Include="..\Src\realm-map.cpp">
      <Filter>Source Files</Filter>
    </ClCompile>
    <ClCompile Include="..\src\helper\sendMail.cpp">
      <Filter>Source Files</Filter>
    </ClCompile>
    <ClCompile Include="ServerWrapper.cpp">
      <Filter>Source Files</Filter>
    </ClCompile>
    <ClCompile Include="..\Src\sharedSpace.cpp">
      <Filter>Source Files</Filter>
    </ClCompile>
    <ClCompile Include="..\Src\staffData.cpp">
      <Filter>Source Files</Filter>
    </ClCompile>
    <ClCompile Include="StdAfx.cpp">
      <Filter>Source Files</Filter>
    </ClCompile>
    <ClCompile Include="..\Src\tokenManager.cpp">
      <Filter>Source Files</Filter>
    </ClCompile>
    <ClCompile Include="..\Src\totemData.cpp">
      <Filter>Source Files</Filter>
    </ClCompile>
    <ClCompile Include="..\Src\tower-map.cpp">
      <Filter>Source Files</Filter>
    </ClCompile>
    <ClCompile Include="..\Src\traderGoods.cpp">
      <Filter>Source Files</Filter>
    </ClCompile>
    <ClCompile Include="..\src\helper\tweakSystem.cpp">
      <Filter>Source Files</Filter>
    </ClCompile>
    <ClCompile Include="..\src\uidbanlist.cpp">
      <Filter>Source Files</Filter>
    </ClCompile>
    <ClCompile Include="..\src\helper\UniqueNames.cpp">
      <Filter>Source Files</Filter>
    </ClCompile>
    <ClCompile Include="..\src\Network\Client.cpp">
      <Filter>Source Files\Network</Filter>
    </ClCompile>
    <ClCompile Include="..\src\Network\GetIP.cpp">
      <Filter>Source Files\Network</Filter>
    </ClCompile>
    <ClCompile Include="..\src\Network\HoldingBuffer.cpp">
      <Filter>Source Files\Network</Filter>
    </ClCompile>
    <ClCompile Include="..\src\Network\Iocp.cpp">
      <Filter>Source Files\Network</Filter>
    </ClCompile>
    <ClCompile Include="..\src\Network\IOCPServer.cpp">
      <Filter>Source Files\Network</Filter>
    </ClCompile>
    <ClCompile Include="..\src\Network\IOCPSocket.cpp">
      <Filter>Source Files\Network</Filter>
    </ClCompile>
    <ClCompile Include="..\src\Network\Server.cpp">
      <Filter>Source Files\Network</Filter>
    </ClCompile>
    <ClCompile Include="..\src\Network\SocketObject.cpp">
      <Filter>Source Files\Network</Filter>
    </ClCompile>
    <ClCompile Include="..\src\Network\TCPSocket.cpp">
      <Filter>Source Files\Network</Filter>
    </ClCompile>
    <ClCompile Include="..\src\Network\UDPSocket.cpp">
      <Filter>Source Files\Network</Filter>
    </ClCompile>
    <ClCompile Include="..\src\Helper\PBKDF2.cpp">
      <Filter>Source Files</Filter>
    </ClCompile>
    <ClCompile Include="..\src\Helper\PasswordHash.cpp">
      <Filter>Source Files</Filter>
    </ClCompile>
  </ItemGroup>
  <ItemGroup>
    <ClInclude Include="..\Src\ArmyDead.h">
      <Filter>Source Files</Filter>
    </ClInclude>
    <ClInclude Include="..\Src\ArmyDragonArchMage.h">
      <Filter>Source Files</Filter>
    </ClInclude>
    <ClInclude Include="..\Src\ArmyDragonChaplain.h">
      <Filter>Source Files</Filter>
    </ClInclude>
    <ClInclude Include="..\Src\ArmyDragonOverlord.h">
      <Filter>Source Files</Filter>
    </ClInclude>
    <ClInclude Include="..\Src\ArmyDragons.h">
      <Filter>Source Files</Filter>
    </ClInclude>
    <ClInclude Include="..\Src\ArmyDuskWurm.h">
      <Filter>Source Files</Filter>
    </ClInclude>
    <ClInclude Include="..\Src\ArmyHalloween.h">
      <Filter>Source Files</Filter>
    </ClInclude>
    <ClInclude Include="..\Src\ArmySpiders.h">
      <Filter>Source Files</Filter>
    </ClInclude>
    <ClInclude Include="..\Src\BBO-Sarmy.h">
      <Filter>Source Files</Filter>
    </ClInclude>
    <ClInclude Include="..\Src\BBO-SAutoQuest.h">
      <Filter>Source Files</Filter>
    </ClInclude>
    <ClInclude Include="..\Src\BBO-Savatar.h">
      <Filter>Source Files</Filter>
    </ClInclude>
    <ClInclude Include="..\Src\BBO-Sbomb.h">
      <Filter>Source Files</Filter>
    </ClInclude>
    <ClInclude Include="..\Src\BBO-SChainQuest.h">
      <Filter>Source Files</Filter>
    </ClInclude>
    <ClInclude Include="..\Src\BBO-Sgenerator.h">
      <Filter>Source Files</Filter>
    </ClInclude>
    <ClInclude Include="..\Src\BBO-SgroundEffect.h">
      <Filter>Source Files</Filter>
    </ClInclude>
    <ClInclude Include="..\Src\BBO-SInvadeQuest.h">
      <Filter>Source Files</Filter>
    </ClInclude>
    <ClInclude Include="..\Src\BBO-Smob.h">
      <Filter>Source Files</Filter>
    </ClInclude>
    <ClInclude Include="..\Src\BBO-Smonster.h">
      <Filter>Source Files</Filter>
    </ClInclude>
    <ClInclude Include="..\Src\BBO-Snpc.h">
      <Filter>Source Files</Filter>
    </ClInclude>
    <ClInclude Include="..\Src\BBO-Stower.h">
      <Filter>Source Files</Filter>
    </ClInclude>
    <ClInclude Include="..\Src\BBO-SwarpPoint.h">
      <Filter>Source Files</Filter>
    </ClInclude>
    <ClInclude Include="..\Src\BBO.h">
      <Filter>Source Files</Filter>
    </ClInclude>
    <ClInclude Include="..\Src\BBOserver.h">
      <Filter>Source Files</Filter>
    </ClInclude>
    <ClInclude Include="..\src\helper\BStream.h">
      <Filter>Source Files</Filter>
    </ClInclude>
    <ClInclude Include="..\src\helper\crypto.h">
      <Filter>Source Files</Filter>
    </ClInclude>
    <ClInclude Include="..\src\helper\Dataobje.h">
      <Filter>Source Files</Filter>
    </ClInclude>
    <ClInclude Include="..\src\helper\Debug.h">
      <Filter>Source Files</Filter>
    </ClInclude>
    <ClInclude Include="..\src\helper\DisableWarnings.h">
      <Filter>Source Files</Filter>
    </ClInclude>
    <ClInclude Include="..\src\network\Src\Fifo.h">
      <Filter>Source Files</Filter>
    </ClInclude>
    <ClInclude Include="..\src\helper\GeneralUtils.h">
      <Filter>Source Files</Filter>
    </ClInclude>
    <ClInclude Include="..\Src\inventory.h">
      <Filter>Source Files</Filter>
    </ClInclude>
    <ClInclude Include="..\src\helper\Linklist.h">
      <Filter>Source Files</Filter>
    </ClInclude>
    <ClInclude Include="..\src\helper\Mutex.h">
      <Filter>Source Files</Filter>
    </ClInclude>
    <ClInclude Include="..\src\helper\Packets.h">
      <Filter>Source Files</Filter>
    </ClInclude>
    <ClInclude Include="..\Src\staffData.h">
      <Filter>Source Files</Filter>
    </ClInclude>
    <ClInclude Include="..\src\helper\TagID.h">
      <Filter>Source Files</Filter>
    </ClInclude>
    <ClInclude Include="..\Src\tokenManager.h">
      <Filter>Source Files</Filter>
    </ClInclude>
    <ClInclude Include="..\Src\tower-map.h">
      <Filter>Source Files</Filter>
    </ClInclude>
    <ClInclude Include="..\src\helper\tweakSystem.h">
      <Filter>Source Files</Filter>
    </ClInclude>
    <ClInclude Include="..\src\uidbanlist.h">
      <Filter>Source Files</Filter>
    </ClInclude>
    <ClInclude Include="..\Src\version.h">
      <Filter>Source Files</Filter>
    </ClInclude>
    <ClInclude Include="..\src\Network\Client.h">
      <Filter>Source Files\Network</Filter>
    </ClInclude>
    <ClInclude Include="..\src\Network\GetIP.h">
      <Filter>Source Files\Network</Filter>
    </ClInclude>
    <ClInclude Include="..\src\Network\NetSystem.h">
      <Filter>Source Files\Network</Filter>
    </ClInclude>
    <ClInclude Include="..\src\Network\SocketObject.h">
      <Filter>Source Files\Network</Filter>
    </ClInclude>
    <ClInclude Include="..\Src\Network\SOverlapped.h">
      <Filter>Source Files\Network</Filter>
    </ClInclude>
    <ClInclude Include="..\Src\BBO-Sgen-dragons.h">
      <Filter>Header Files</Filter>
    </ClInclude>
    <ClInclude Include="..\Src\BBO-Sgen-nearvamps.h">
      <Filter>Header Files</Filter>
    </ClInclude>
    <ClInclude Include="..\Src\BBO-Sgen-orcclan.h">
      <Filter>Header Files</Filter>
    </ClInclude>
    <ClInclude Include="..\Src\BBO-Sgen-vamps.h">
      <Filter>Header Files</Filter>
    </ClInclude>
    <ClInclude Include="..\Src\IPBanList.h">
      <Filter>Header Files</Filter>
    </ClInclude>
    <ClInclude Include="..\Src\labyrinth-map.h">
      <Filter>Header Files</Filter>
    </ClInclude>
    <ClInclude Include="..\Src\longtime.h">
      <Filter>Header Files</Filter>
    </ClInclude>
    <ClInclude Include="..\Src\mapList.h">
      <Filter>Header Files</Filter>
    </ClInclude>
    <ClInclude Include="..\src\memory_helper.h">
      <Filter>Header Files</Filter>
    </ClInclude>
    <ClInclude Include="..\..\Puma\src\Packets.h">
      <Filter>Header Files</Filter>
    </ClInclude>
    <ClInclude Include="..\Src\questSystem.h">
      <Filter>Header Files</Filter>
    </ClInclude>
    <ClInclude Include="resource.h">
      <Filter>Header Files</Filter>
    </ClInclude>
    <ClInclude Include="..\src\helper\sendMail.h">
      <Filter>Header Files</Filter>
    </ClInclude>
    <ClInclude Include="ServerWrapper.h">
      <Filter>Header Files</Filter>
    </ClInclude>
    <ClInclude Include="StdAfx.h">
      <Filter>Header Files</Filter>
    </ClInclude>
    <ClInclude Include="..\src\Helper\PBKDF2.h">
      <Filter>Source Files</Filter>
    </ClInclude>
    <ClInclude Include="..\src\Helper\PasswordHash.h">
      <Filter>Source Files</Filter>
    </ClInclude>
  </ItemGroup>
  <ItemGroup>
    <ResourceCompile Include="ServerWrapper.rc">
      <Filter>Source Files</Filter>
    </ResourceCompile>
  </ItemGroup>
  <ItemGroup>
    <None Include="ServerWrapper.ico">
      <Filter>Resource Files</Filter>
    </None>
    <None Include="small.ico">
      <Filter>Resource Files</Filter>
    </None>
  </ItemGroup>
</Project>